github.com/aws/aws-lambda-go v1.41.0 h1:l/5fyVb6Ud9uYd411xdHZzSf2n86TakxzpvIoz7l+3Y=
github.com/aws/aws-lambda-go v1.41.0/go.mod h1:jwFe2KmMsHmffA1X2R09hH6lFzJQxzI8qK17ewzbQMM=
github.com/aws/aws-sdk-go-v2 v1.23.4 h1:2P20ZjH0ouSAu/6yZep8oCmTReathLuEu6dwoqEgjts=
github.com/aws/aws-sdk-go-v2 v1.23.4/go.mod h1:t3szzKfP0NeRU27uBFczDivYJjsmSnqI8kIvKyWb9ds=
github.com/aws/aws-sdk-go-v2/aws/protocol/eventstream v1.5.3 h1:Zx9+31KyB8wQna6SXFWOewlgoY5uGdDAu6PTOEU3OQI=
github.com/aws/aws-sdk-go-v2/aws/protocol/eventstream v1.5.3/go.mod h1:zxbEJhRdKTH1nqS2qu6UJ7zGe25xaHxZXaC2CvuQFnA=
github.com/aws/aws-sdk-go-v2/internal/configsources v1.2.7 h1:eMqD7ku6WGdmcWWXPYun9m6yk6feSULLhJlAtN6rYG4=
github.com/aws/aws-sdk-go-v2/internal/configsources v1.2.7/go.mod h1:0oBIfcDV6LScxEW0VgOqxT3e4aqKRp+SYhB9wAd5E3Q=
github.com/aws/aws-sdk-go-v2/internal/endpoints/v2 v2.5.7 h1:+XYhWhgWs5F3Zx8oa49CXzNvfXrItaDjZB/M172fcHQ=
github.com/aws/aws-sdk-go-v2/internal/endpoints/v2 v2.5.7/go.mod h1:L6tcSRyCGxcKfDWUrmv2jv8G1cLDU7d0FUpEFpG9bVE=
github.com/aws/aws-sdk-go-v2/internal/v4a v1.2.7 h1:3VaUNB1LclLomv82VnP5QnxAfowG+Ro4m82+af9wjZ4=
github.com/aws/aws-sdk-go-v2/internal/v4a v1.2.7/go.mod h1:D5i0c+qvEY0LV5F4elFZd+mYnvHQbufCLHNHoBfQR2g=
github.com/aws/aws-sdk-go-v2/service/internal/accept-encoding v1.10.3 h1:e3PCNeEaev/ZF01cQyNZgmYE9oYYePIMJs2mWSKG514=
github.com/aws/aws-sdk-go-v2/service/internal/accept-encoding v1.10.3/go.mod h1:gIeeNyaL8tIEqZrzAnTeyhHcE0yysCtcaP+N9kxLZ+E=
github.com/aws/aws-sdk-go-v2/service/internal/checksum v1.2.7 h1:Mft1tmIK1fkFS9l9sYVYiN+OdgXeOcQ9ZS3SxKOh3A4=
github.com/aws/aws-sdk-go-v2/service/internal/checksum v1.2.7/go.mod h1:QWI83fhocxDaN3b74N8rrvET60CBaike5lQ+5sm3OcE=
github.com/aws/aws-sdk-go-v2/service/internal/presigned-url v1.10.7 h1:dU+ZyhvqMB/T/TxjGagHMCdyUiqaThRIaMu3YvKiSQI=
github.com/aws/aws-sdk-go-v2/service/internal/presigned-url v1.10.7/go.mod h1:SGORuNqoXyWfTvTp/gBGJfv8jRvW/+nha0XhnIXVI+o=
github.com/aws/aws-sdk-go-v2/service/internal/s3shared v1.16.7 h1:ybtGXm0qFVFi0hFUF7eFAVnL3ntl9MO7lrxhhGP7KYU=
github.com/aws/aws-sdk-go-v2/service/internal/s3shared v1.16.7/go.mod h1:BUyWJUKAnNqoEq1LfyQxy+Eh4U8Y3c5w2C6m21f3yvI=
github.com/aws/aws-sdk-go-v2/service/s3 v1.47.1 h1:0/W5F+LlXzKZ7KTsRcD8pugasVnsrjUWmhOsN/LdSFY=
github.com/aws/aws-sdk-go-v2/service/s3 v1.47.1/go.mod h1:TqThLn4bRCn/UYf960hNZgPPjmxc17fQcwmjfuG6D5k=
github.com/aws/aws-sdk-go-v2/service/sqs v1.28.4 h1:Hy1cUZGuZRHe3HPxw7nfA9BFUqdWbyI0JLLiqENgucc=
github.com/aws/aws-sdk-go-v2/service/sqs v1.28.4/go.mod h1:xlxN+2XHAmoRFFkGFZcrmVYQfXSlNpEuqEpN0GZMmaI=
github.com/aws/smithy-go v1.18.1 h1:pOdBTUfXNazOlxLrgeYalVnuTpKreACHtc62xLwIB3c=
github.com/aws/smithy-go v1.18.1/go.mod h1:NukqUGpCZIILqqiV0NIjeFh24kd/FAa4beRb6nbIUPE=
github.com/davecgh/go-spew v1.1.0/go.mod h1:J7Y8YcW2NihsgmVo/mv3lAwl/skON4iLHjSsI+c5H38=
github.com/davecgh/go-spew v1.1.1 h1:vj9j/u1bqnvCEfJOwUhtlOARqs3+rkHYY13jYWTU97c=
github.com/davecgh/go-spew v1.1.1/go.mod h1:J7Y8YcW2NihsgmVo/mv3lAwl/skON4iLHjSsI+c5H38=
github.com/google/go-cmp v0.5.8 h1:e6P7q2lk1O+qJJb4BtCQXlK8vWEO8V1ZeuEdJNOqZyg=
github.com/google/uuid v1.4.0 h1:MtMxsa51/r9yyhkyLsVeVt0B+BGQZzpQiTQ4eHZ8bc4=
github.com/google/uuid v1.4.0/go.mod h1:TIyPZe4MgqvfeYDBFedMoGGpEw/LqOeaOT+nhxU+yHo=
github.com/pmezard/go-difflib v1.0.0 h1:4DBwDE0NGyQoBHbLQYPwSUPoCMWR5BEzIk/f1lZbAQM=
github.com/pmezard/go-difflib v1.0.0/go.mod h1:iKH77koFhYxTK1pcRnkKkqfTogsbg7gZNVY4sRDYZ/4=
github.com/stretchr/objx v0.1.0/go.mod h1:HFkY916IF+rwdDfMAkV7OtwuqBVzrE8GR6GFx+wExME=
github.com/stretchr/objx v0.4.0/go.mod h1:YvHI0jy2hoMjB+UWwv71VJQ9isScKT/TqJzVSSt89Yw=
github.com/stretchr/objx v0.5.0/go.mod h1:Yh+to48EsGEfYuaHDzXPcE3xhTkx73EhmCGUpEOglKo=
github.com/stretchr/objx v0.5.1 h1:4VhoImhV/Bm0ToFkXFi8hXNXwpDRZ/ynw3amt82mzq0=
github.com/stretchr/objx v0.5.1/go.mod h1:/iHQpkQwBD6DLUmQ4pE+s1TXdob1mORJ4/UFdrifcy0=
github.com/stretchr/testify v1.7.1/go.mod h1:6Fq8oRcR53rry900zMqJjRRixrwX3KX962/h/Wwjteg=
github.com/stretchr/testify v1.8.0/go.mod h1:yNjHg4UonilssWZ8iaSj1OCr/vHnekPRkoO+kdMU+MU=
github.com/stretchr/testify v1.8.2/go.mod h1:w2LPCIKwWwSfY2zedu0+kehJoqGctiVI29o6fzry7u4=
github.com/stretchr/testify v1.8.4 h1:CcVxjf3Q8PM0mHUKJCdn+eZZtm5yQwehR5yeSVQQcUk=
github.com/stretchr/testify v1.8.4/go.mod h1:sz/lmYIOXD/1dqDmKjjqLyZ2RngseejIcXlSw2iwfAo=
golang.org/x/sync v0.5.0 h1:60k92dhOjHxJkrqnwsfl8KuaHbn/5dl0lUPUklKo3qE=
golang.org/x/sync v0.5.0/go.mod h1:Czt+wKu1gCyEFDUtn0jG5QVvpJ6rzVqr5aXyt9drQfk=
gopkg.in/check.v1 v0.0.0-20161208181325-20d25e280405 h1:yhCVgyC4o1eVCa2tZl7eS0r+SDo693bJlVdllGtEeKM=
gopkg.in/check.v1 v0.0.0-20161208181325-20d25e280405/go.mod h1:Co6ibVJAznAaIkqp8huTwlJQCZ016jof/cbN4VW5Yz0=
gopkg.in/yaml.v3 v3.0.0-20200313102051-9f266ea9e77c/go.mod h1:K4uyk7z7BCEPqu6E+C64Yfv1cQ7kz7rIZviUmN+EgEM=
gopkg.in/yaml.v3 v3.0.1 h1:fxVm/GzAzEWqLHuvctI91KS9hhNmmWOoWu0XTYJS7CA=
gopkg.in/yaml.v3 v3.0.1/go.mod h1:K4uyk7z7BCEPqu6E+C64Yfv1cQ7kz7rIZviUmN+EgEM=
