github.com/aws/aws-lambda-go v1.41.0 h1:l/5fyVb6Ud9uYd411xdHZzSf2n86TakxzpvIoz7l+3Y=
github.com/aws/aws-lambda-go v1.41.0/go.mod h1:jwFe2KmMsHmffA1X2R09hH6lFzJQxzI8qK17ewzbQMM=
github.com/aws/aws-sdk-go-v2 v1.23.3 h1:Q98kldotjjQimJumYc7tjJRBWOefARezGhP8nIlnExE=
github.com/aws/aws-sdk-go-v2 v1.23.3/go.mod h1:6wqGJPusLvL1YYcoxj4vPtACABVl0ydN1sxzBetRcsw=
github.com/aws/aws-sdk-go-v2/aws/protocol/eventstream v1.5.2 h1:1oGZAnpWWnJgPPWC07RrXt2Ah0qbfbzP466aruiX8pk=
github.com/aws/aws-sdk-go-v2/aws/protocol/eventstream v1.5.2/go.mod h1:XBiFjNGW7x9HG45+j5YGxEcN83ORvTNbzE54kNDJuYo=
github.com/aws/aws-sdk-go-v2/internal/configsources v1.2.6 h1:i7OAczGP6jELUbKC8p/qS/LwCc0U3OKZqWQbb8lp0CA=
github.com/aws/aws-sdk-go-v2/internal/configsources v1.2.6/go.mod h1:d8JTl9EfMC8x7cWRUTOBNHTk/GJ9UsqdANQqAAMKo4s=
github.com/aws/aws-sdk-go-v2/internal/endpoints/v2 v2.5.6 h1:1oWfl2FGxd7jYqmxbCZHI634v1FOoCWyBLYj9Imj0wM=
github.com/aws/aws-sdk-go-v2/internal/endpoints/v2 v2.5.6/go.mod h1:9hhwbyCoH/tgJqXTVj/Ef0nGYJVr7+R/pfOx4OZ99KU=
github.com/aws/aws-sdk-go-v2/internal/v4a v1.2.6 h1:PwAdPhlij28U62OUi+WmxQ+9bO1efg6coxpE+sk00dg=
github.com/aws/aws-sdk-go-v2/internal/v4a v1.2.6/go.mod h1:KRa2wmoEt38uXpnNKtORDswczZGl1hQNDrkfE6+LhnM=
github.com/aws/aws-sdk-go-v2/service/internal/accept-encoding v1.10.2 h1:/3LHJKFV+VEIEIZi2I3q4K2wgQwNwAW2t0SXnCCEg28=
github.com/aws/aws-sdk-go-v2/service/internal/accept-encoding v1.10.2/go.mod h1:IfJeNmXVQIpeR7LviG93t479TtAkBqF92cSnyy5yG1o=
github.com/aws/aws-sdk-go-v2/service/internal/checksum v1.2.6 h1:eU9m+2vE8ILkr71WK5RJ2pysYngcKoN1Kv5kThuV6J4=
github.com/aws/aws-sdk-go-v2/service/internal/checksum v1.2.6/go.mod h1:W8gOSyIsMgmaFnm+CkRHLz0skCyz9cS5SZlBalHkzII=
github.com/aws/aws-sdk-go-v2/service/internal/presigned-url v1.10.6 h1:8CbUQkqKstwiVI4fz74O7hFfOyQfsA4UuaJtO+X0nX8=
github.com/aws/aws-sdk-go-v2/service/internal/presigned-url v1.10.6/go.mod h1:ssHSTCS9CeO6QDbT5+2e6shPpZhzLNSwI5KvgH9rKdM=
github.com/aws/aws-sdk-go-v2/service/internal/s3shared v1.16.6 h1:GCW9ULjE7qIwzGPcoOnv4h4htx/XxWDy+WJevY30QcI=
github.com/aws/aws-sdk-go-v2/service/internal/s3shared v1.16.6/go.mod h1:YqS77Hii1ITov+Tpf0CGkQdBJCm5L9Wo2C7fhask92M=
github.com/aws/aws-sdk-go-v2/service/s3 v1.47.0 h1:7KZW8jwPTB/94/ghX8j+kw03zl2ftxDv7PGwA0l+6uw=
github.com/aws/aws-sdk-go-v2/service/s3 v1.47.0/go.mod h1:bL8ey+ugMUesj7F1tF8GJkq14i7qhIsSaCJshRWC3Og=
github.com/aws/aws-sdk-go-v2/service/sqs v1.28.4 h1:Hy1cUZGuZRHe3HPxw7nfA9BFUqdWbyI0JLLiqENgucc=
github.com/aws/aws-sdk-go-v2/service/sqs v1.28.4/go.mod h1:xlxN+2XHAmoRFFkGFZcrmVYQfXSlNpEuqEpN0GZMmaI=
github.com/aws/smithy-go v1.18.0 h1:uWqjOwPEqjzmQXpwm/8cwUWTmFhT9Ypc8tECXrshDsI=
github.com/aws/smithy-go v1.18.0/go.mod h1:NukqUGpCZIILqqiV0NIjeFh24kd/FAa4beRb6nbIUPE=
github.com/davecgh/go-spew v1.1.0/go.mod h1:J7Y8YcW2NihsgmVo/mv3lAwl/skON4iLHjSsI+c5H38=
github.com/davecgh/go-spew v1.1.1 h1:vj9j/u1bqnvCEfJOwUhtlOARqs3+rkHYY13jYWTU97c=
github.com/davecgh/go-spew v1.1.1/go.mod h1:J7Y8YcW2NihsgmVo/mv3lAwl/skON4iLHjSsI+c5H38=
github.com/google/go-cmp v0.5.8 h1:e6P7q2lk1O+qJJb4BtCQXlK8vWEO8V1ZeuEdJNOqZyg=
github.com/google/uuid v1.4.0 h1:MtMxsa51/r9yyhkyLsVeVt0B+BGQZzpQiTQ4eHZ8bc4=
github.com/google/uuid v1.4.0/go.mod h1:TIyPZe4MgqvfeYDBFedMoGGpEw/LqOeaOT+nhxU+yHo=
github.com/pmezard/go-difflib v1.0.0 h1:4DBwDE0NGyQoBHbLQYPwSUPoCMWR5BEzIk/f1lZbAQM=
github.com/pmezard/go-difflib v1.0.0/go.mod h1:iKH77koFhYxTK1pcRnkKkqfTogsbg7gZNVY4sRDYZ/4=
github.com/stretchr/objx v0.1.0/go.mod h1:HFkY916IF+rwdDfMAkV7OtwuqBVzrE8GR6GFx+wExME=
github.com/stretchr/objx v0.4.0/go.mod h1:YvHI0jy2hoMjB+UWwv71VJQ9isScKT/TqJzVSSt89Yw=
github.com/stretchr/objx v0.5.0/go.mod h1:Yh+to48EsGEfYuaHDzXPcE3xhTkx73EhmCGUpEOglKo=
github.com/stretchr/objx v0.5.1 h1:4VhoImhV/Bm0ToFkXFi8hXNXwpDRZ/ynw3amt82mzq0=
github.com/stretchr/objx v0.5.1/go.mod h1:/iHQpkQwBD6DLUmQ4pE+s1TXdob1mORJ4/UFdrifcy0=
github.com/stretchr/testify v1.7.1/go.mod h1:6Fq8oRcR53rry900zMqJjRRixrwX3KX962/h/Wwjteg=
github.com/stretchr/testify v1.8.0/go.mod h1:yNjHg4UonilssWZ8iaSj1OCr/vHnekPRkoO+kdMU+MU=
github.com/stretchr/testify v1.8.2/go.mod h1:w2LPCIKwWwSfY2zedu0+kehJoqGctiVI29o6fzry7u4=
github.com/stretchr/testify v1.8.4 h1:CcVxjf3Q8PM0mHUKJCdn+eZZtm5yQwehR5yeSVQQcUk=
github.com/stretchr/testify v1.8.4/go.mod h1:sz/lmYIOXD/1dqDmKjjqLyZ2RngseejIcXlSw2iwfAo=
golang.org/x/sync v0.5.0 h1:60k92dhOjHxJkrqnwsfl8KuaHbn/5dl0lUPUklKo3qE=
golang.org/x/sync v0.5.0/go.mod h1:Czt+wKu1gCyEFDUtn0jG5QVvpJ6rzVqr5aXyt9drQfk=
gopkg.in/check.v1 v0.0.0-20161208181325-20d25e280405 h1:yhCVgyC4o1eVCa2tZl7eS0r+SDo693bJlVdllGtEeKM=
gopkg.in/check.v1 v0.0.0-20161208181325-20d25e280405/go.mod h1:Co6ibVJAznAaIkqp8huTwlJQCZ016jof/cbN4VW5Yz0=
gopkg.in/yaml.v3 v3.0.0-20200313102051-9f266ea9e77c/go.mod h1:K4uyk7z7BCEPqu6E+C64Yfv1cQ7kz7rIZviUmN+EgEM=
gopkg.in/yaml.v3 v3.0.1 h1:fxVm/GzAzEWqLHuvctI91KS9hhNmmWOoWu0XTYJS7CA=
gopkg.in/yaml.v3 v3.0.1/go.mod h1:K4uyk7z7BCEPqu6E+C64Yfv1cQ7kz7rIZviUmN+EgEM=
